
Microsoft Visual Studio Solution File, Format Version 12.00
# Visual Studio Version 17
VisualStudioVersion = 17.13.35919.96
MinimumVisualStudioVersion = 10.0.40219.1
Project("{2150E333-8FDC-42A3-9474-1A3956D46DE8}") = "src", "src", "{02EA681E-C7D8-13C7-8484-4AC65E1B71E8}"
EndProject
Project("{2150E333-8FDC-42A3-9474-1A3956D46DE8}") = "Core", "Core", "{9D7ECCB9-880F-4A2D-9155-93102B36B268}"
EndProject
Project("{2150E333-8FDC-42A3-9474-1A3956D46DE8}") = "Infrastructure", "Infrastructure", "{C992CC30-CA1D-4F89-95DF-FA73F09742A4}"
EndProject
Project("{2150E333-8FDC-42A3-9474-1A3956D46DE8}") = "Modules", "Modules", "{A9BDCF23-7BA4-4FE9-89ED-8822729DFD01}"
EndProject
Project("{2150E333-8FDC-42A3-9474-1A3956D46DE8}") = "API", "API", "{D4C05EAF-1AA4-4D3E-A685-7488221F0EA8}"
EndProject
Project("{FAE04EC0-301F-11D3-BF4B-00C04F79EFBC}") = "Stocker.Domain", "src\Core\Stocker.Domain\Stocker.Domain.csproj", "{E4294284-403A-410E-82DC-0C55EEDBC5AA}"
EndProject
Project("{FAE04EC0-301F-11D3-BF4B-00C04F79EFBC}") = "Stocker.Application", "src\Core\Stocker.Application\Stocker.Application.csproj", "{809C85A1-442E-4E86-B7A6-BAA7C0A6EA1D}"
EndProject
Project("{FAE04EC0-301F-11D3-BF4B-00C04F79EFBC}") = "Stocker.SharedKernel", "src\Core\Stocker.SharedKernel\Stocker.SharedKernel.csproj", "{F10E36FA-34CD-46FF-AF3F-3AD26CBA8C99}"
EndProject
Project("{FAE04EC0-301F-11D3-BF4B-00C04F79EFBC}") = "Stocker.Infrastructure", "src\Infrastructure\Stocker.Infrastructure\Stocker.Infrastructure.csproj", "{A32FA584-CD63-4C03-BC0B-E9502502C8B0}"
EndProject
Project("{FAE04EC0-301F-11D3-BF4B-00C04F79EFBC}") = "Stocker.Persistence", "src\Infrastructure\Stocker.Persistence\Stocker.Persistence.csproj", "{0949B3FB-F14B-42C9-9512-44BC339DE499}"
EndProject
Project("{FAE04EC0-301F-11D3-BF4B-00C04F79EFBC}") = "Stocker.API", "src\API\Stocker.API\Stocker.API.csproj", "{6D8173BA-3478-718B-5854-2D49254D8EEA}"
EndProject
Project("{FAE04EC0-301F-11D3-BF4B-00C04F79EFBC}") = "Stocker.Identity", "src\Infrastructure\Stocker.Identity\Stocker.Identity.csproj", "{CDC83C35-8E8D-9A11-8B9A-6CA0A4D62BEF}"
EndProject
Project("{FAE04EC0-301F-11D3-BF4B-00C04F79EFBC}") = "Stocker.SignalR", "src\Infrastructure\Stocker.SignalR\Stocker.SignalR.csproj", "{869990BB-3799-86E5-AECA-6159E157F2CF}"
EndProject
Project("{FAE04EC0-301F-11D3-BF4B-00C04F79EFBC}") = "Stocker.Modules.CRM", "src\Modules\Stocker.Modules.CRM\Stocker.Modules.CRM.csproj", "{E19495C8-3339-2576-740F-22C91236EBF9}"
EndProject
Project("{FAE04EC0-301F-11D3-BF4B-00C04F79EFBC}") = "Stocker.Modules.Inventory", "src\Modules\Stocker.Modules.Inventory\Stocker.Modules.Inventory.csproj", "{30DA746B-06B5-4B25-B417-4E6B06B2C1C0}"
EndProject
Project("{FAE04EC0-301F-11D3-BF4B-00C04F79EFBC}") = "Stocker.Modules.Sales", "src\Modules\Stocker.Modules.Sales\Stocker.Modules.Sales.csproj", "{7C899464-B423-454F-852C-B250D5124264}"
EndProject
Project("{FAE04EC0-301F-11D3-BF4B-00C04F79EFBC}") = "Stocker.Modules.Purchase", "src\Modules\Stocker.Modules.Purchase\Stocker.Modules.Purchase.csproj", "{8321975B-1ED2-4349-B56B-D189D4C5F5D0}"
EndProject
Project("{FAE04EC0-301F-11D3-BF4B-00C04F79EFBC}") = "Stocker.Modules.Finance", "src\Modules\Stocker.Modules.Finance\Stocker.Modules.Finance.csproj", "{BE3E9F7F-3BFB-40F4-9A61-847F33CC5356}"
EndProject
Project("{FAE04EC0-301F-11D3-BF4B-00C04F79EFBC}") = "Stocker.Modules.HR", "src\Modules\Stocker.Modules.HR\Stocker.Modules.HR.csproj", "{36B2A70C-03DC-4C46-B318-2805C84CF38C}"
EndProject
Project("{2150E333-8FDC-42A3-9474-1A3956D46DE8}") = "tests", "tests", "{0AB3BF05-4346-4AA6-1389-037BE0695223}"
EndProject
Project("{FAE04EC0-301F-11D3-BF4B-00C04F79EFBC}") = "Stocker.UnitTests", "tests\Stocker.UnitTests\Stocker.UnitTests.csproj", "{1CD977C1-FC12-4BCB-B8D4-11FE8E9B75B1}"
EndProject
Project("{FAE04EC0-301F-11D3-BF4B-00C04F79EFBC}") = "Stocker.IntegrationTests", "tests\Stocker.IntegrationTests\Stocker.IntegrationTests.csproj", "{EDAEECC7-3BEF-41CF-AD17-A55997BCC8CD}"
EndProject
Global
	GlobalSection(SolutionConfigurationPlatforms) = preSolution
		Debug|Any CPU = Debug|Any CPU
		Debug|x64 = Debug|x64
		Debug|x86 = Debug|x86
		Release|Any CPU = Release|Any CPU
		Release|x64 = Release|x64
		Release|x86 = Release|x86
	EndGlobalSection
	GlobalSection(ProjectConfigurationPlatforms) = postSolution
		{E4294284-403A-410E-82DC-0C55EEDBC5AA}.Debug|Any CPU.ActiveCfg = Debug|Any CPU
		{E4294284-403A-410E-82DC-0C55EEDBC5AA}.Debug|Any CPU.Build.0 = Debug|Any CPU
		{E4294284-403A-410E-82DC-0C55EEDBC5AA}.Debug|x64.ActiveCfg = Debug|Any CPU
		{E4294284-403A-410E-82DC-0C55EEDBC5AA}.Debug|x64.Build.0 = Debug|Any CPU
		{E4294284-403A-410E-82DC-0C55EEDBC5AA}.Debug|x86.ActiveCfg = Debug|Any CPU
		{E4294284-403A-410E-82DC-0C55EEDBC5AA}.Debug|x86.Build.0 = Debug|Any CPU
		{E4294284-403A-410E-82DC-0C55EEDBC5AA}.Release|Any CPU.ActiveCfg = Release|Any CPU
		{E4294284-403A-410E-82DC-0C55EEDBC5AA}.Release|Any CPU.Build.0 = Release|Any CPU
		{E4294284-403A-410E-82DC-0C55EEDBC5AA}.Release|x64.ActiveCfg = Release|Any CPU
		{E4294284-403A-410E-82DC-0C55EEDBC5AA}.Release|x64.Build.0 = Release|Any CPU
		{E4294284-403A-410E-82DC-0C55EEDBC5AA}.Release|x86.ActiveCfg = Release|Any CPU
		{E4294284-403A-410E-82DC-0C55EEDBC5AA}.Release|x86.Build.0 = Release|Any CPU
		{809C85A1-442E-4E86-B7A6-BAA7C0A6EA1D}.Debug|Any CPU.ActiveCfg = Debug|Any CPU
		{809C85A1-442E-4E86-B7A6-BAA7C0A6EA1D}.Debug|Any CPU.Build.0 = Debug|Any CPU
		{809C85A1-442E-4E86-B7A6-BAA7C0A6EA1D}.Debug|x64.ActiveCfg = Debug|Any CPU
		{809C85A1-442E-4E86-B7A6-BAA7C0A6EA1D}.Debug|x64.Build.0 = Debug|Any CPU
		{809C85A1-442E-4E86-B7A6-BAA7C0A6EA1D}.Debug|x86.ActiveCfg = Debug|Any CPU
		{809C85A1-442E-4E86-B7A6-BAA7C0A6EA1D}.Debug|x86.Build.0 = Debug|Any CPU
		{809C85A1-442E-4E86-B7A6-BAA7C0A6EA1D}.Release|Any CPU.ActiveCfg = Release|Any CPU
		{809C85A1-442E-4E86-B7A6-BAA7C0A6EA1D}.Release|Any CPU.Build.0 = Release|Any CPU
		{809C85A1-442E-4E86-B7A6-BAA7C0A6EA1D}.Release|x64.ActiveCfg = Release|Any CPU
		{809C85A1-442E-4E86-B7A6-BAA7C0A6EA1D}.Release|x64.Build.0 = Release|Any CPU
		{809C85A1-442E-4E86-B7A6-BAA7C0A6EA1D}.Release|x86.ActiveCfg = Release|Any CPU
		{809C85A1-442E-4E86-B7A6-BAA7C0A6EA1D}.Release|x86.Build.0 = Release|Any CPU
		{F10E36FA-34CD-46FF-AF3F-3AD26CBA8C99}.Debug|Any CPU.ActiveCfg = Debug|Any CPU
		{F10E36FA-34CD-46FF-AF3F-3AD26CBA8C99}.Debug|Any CPU.Build.0 = Debug|Any CPU
		{F10E36FA-34CD-46FF-AF3F-3AD26CBA8C99}.Debug|x64.ActiveCfg = Debug|Any CPU
		{F10E36FA-34CD-46FF-AF3F-3AD26CBA8C99}.Debug|x64.Build.0 = Debug|Any CPU
		{F10E36FA-34CD-46FF-AF3F-3AD26CBA8C99}.Debug|x86.ActiveCfg = Debug|Any CPU
		{F10E36FA-34CD-46FF-AF3F-3AD26CBA8C99}.Debug|x86.Build.0 = Debug|Any CPU
		{F10E36FA-34CD-46FF-AF3F-3AD26CBA8C99}.Release|Any CPU.ActiveCfg = Release|Any CPU
		{F10E36FA-34CD-46FF-AF3F-3AD26CBA8C99}.Release|Any CPU.Build.0 = Release|Any CPU
		{F10E36FA-34CD-46FF-AF3F-3AD26CBA8C99}.Release|x64.ActiveCfg = Release|Any CPU
		{F10E36FA-34CD-46FF-AF3F-3AD26CBA8C99}.Release|x64.Build.0 = Release|Any CPU
		{F10E36FA-34CD-46FF-AF3F-3AD26CBA8C99}.Release|x86.ActiveCfg = Release|Any CPU
		{F10E36FA-34CD-46FF-AF3F-3AD26CBA8C99}.Release|x86.Build.0 = Release|Any CPU
		{A32FA584-CD63-4C03-BC0B-E9502502C8B0}.Debug|Any CPU.ActiveCfg = Debug|Any CPU
		{A32FA584-CD63-4C03-BC0B-E9502502C8B0}.Debug|Any CPU.Build.0 = Debug|Any CPU
		{A32FA584-CD63-4C03-BC0B-E9502502C8B0}.Debug|x64.ActiveCfg = Debug|Any CPU
		{A32FA584-CD63-4C03-BC0B-E9502502C8B0}.Debug|x64.Build.0 = Debug|Any CPU
		{A32FA584-CD63-4C03-BC0B-E9502502C8B0}.Debug|x86.ActiveCfg = Debug|Any CPU
		{A32FA584-CD63-4C03-BC0B-E9502502C8B0}.Debug|x86.Build.0 = Debug|Any CPU
		{A32FA584-CD63-4C03-BC0B-E9502502C8B0}.Release|Any CPU.ActiveCfg = Release|Any CPU
		{A32FA584-CD63-4C03-BC0B-E9502502C8B0}.Release|Any CPU.Build.0 = Release|Any CPU
		{A32FA584-CD63-4C03-BC0B-E9502502C8B0}.Release|x64.ActiveCfg = Release|Any CPU
		{A32FA584-CD63-4C03-BC0B-E9502502C8B0}.Release|x64.Build.0 = Release|Any CPU
		{A32FA584-CD63-4C03-BC0B-E9502502C8B0}.Release|x86.ActiveCfg = Release|Any CPU
		{A32FA584-CD63-4C03-BC0B-E9502502C8B0}.Release|x86.Build.0 = Release|Any CPU
		{0949B3FB-F14B-42C9-9512-44BC339DE499}.Debug|Any CPU.ActiveCfg = Debug|Any CPU
		{0949B3FB-F14B-42C9-9512-44BC339DE499}.Debug|Any CPU.Build.0 = Debug|Any CPU
		{0949B3FB-F14B-42C9-9512-44BC339DE499}.Debug|x64.ActiveCfg = Debug|Any CPU
		{0949B3FB-F14B-42C9-9512-44BC339DE499}.Debug|x64.Build.0 = Debug|Any CPU
		{0949B3FB-F14B-42C9-9512-44BC339DE499}.Debug|x86.ActiveCfg = Debug|Any CPU
		{0949B3FB-F14B-42C9-9512-44BC339DE499}.Debug|x86.Build.0 = Debug|Any CPU
		{0949B3FB-F14B-42C9-9512-44BC339DE499}.Release|Any CPU.ActiveCfg = Release|Any CPU
		{0949B3FB-F14B-42C9-9512-44BC339DE499}.Release|Any CPU.Build.0 = Release|Any CPU
		{0949B3FB-F14B-42C9-9512-44BC339DE499}.Release|x64.ActiveCfg = Release|Any CPU
		{0949B3FB-F14B-42C9-9512-44BC339DE499}.Release|x64.Build.0 = Release|Any CPU
		{0949B3FB-F14B-42C9-9512-44BC339DE499}.Release|x86.ActiveCfg = Release|Any CPU
		{0949B3FB-F14B-42C9-9512-44BC339DE499}.Release|x86.Build.0 = Release|Any CPU
		{6D8173BA-3478-718B-5854-2D49254D8EEA}.Debug|Any CPU.ActiveCfg = Debug|Any CPU
		{6D8173BA-3478-718B-5854-2D49254D8EEA}.Debug|Any CPU.Build.0 = Debug|Any CPU
		{6D8173BA-3478-718B-5854-2D49254D8EEA}.Debug|x64.ActiveCfg = Debug|Any CPU
		{6D8173BA-3478-718B-5854-2D49254D8EEA}.Debug|x64.Build.0 = Debug|Any CPU
		{6D8173BA-3478-718B-5854-2D49254D8EEA}.Debug|x86.ActiveCfg = Debug|Any CPU
		{6D8173BA-3478-718B-5854-2D49254D8EEA}.Debug|x86.Build.0 = Debug|Any CPU
		{6D8173BA-3478-718B-5854-2D49254D8EEA}.Release|Any CPU.ActiveCfg = Release|Any CPU
		{6D8173BA-3478-718B-5854-2D49254D8EEA}.Release|Any CPU.Build.0 = Release|Any CPU
		{6D8173BA-3478-718B-5854-2D49254D8EEA}.Release|x64.ActiveCfg = Release|Any CPU
		{6D8173BA-3478-718B-5854-2D49254D8EEA}.Release|x64.Build.0 = Release|Any CPU
		{6D8173BA-3478-718B-5854-2D49254D8EEA}.Release|x86.ActiveCfg = Release|Any CPU
		{6D8173BA-3478-718B-5854-2D49254D8EEA}.Release|x86.Build.0 = Release|Any CPU
		{CDC83C35-8E8D-9A11-8B9A-6CA0A4D62BEF}.Debug|Any CPU.ActiveCfg = Debug|Any CPU
		{CDC83C35-8E8D-9A11-8B9A-6CA0A4D62BEF}.Debug|Any CPU.Build.0 = Debug|Any CPU
		{CDC83C35-8E8D-9A11-8B9A-6CA0A4D62BEF}.Debug|x64.ActiveCfg = Debug|Any CPU
		{CDC83C35-8E8D-9A11-8B9A-6CA0A4D62BEF}.Debug|x64.Build.0 = Debug|Any CPU
		{CDC83C35-8E8D-9A11-8B9A-6CA0A4D62BEF}.Debug|x86.ActiveCfg = Debug|Any CPU
		{CDC83C35-8E8D-9A11-8B9A-6CA0A4D62BEF}.Debug|x86.Build.0 = Debug|Any CPU
		{CDC83C35-8E8D-9A11-8B9A-6CA0A4D62BEF}.Release|Any CPU.ActiveCfg = Release|Any CPU
		{CDC83C35-8E8D-9A11-8B9A-6CA0A4D62BEF}.Release|Any CPU.Build.0 = Release|Any CPU
		{CDC83C35-8E8D-9A11-8B9A-6CA0A4D62BEF}.Release|x64.ActiveCfg = Release|Any CPU
		{CDC83C35-8E8D-9A11-8B9A-6CA0A4D62BEF}.Release|x64.Build.0 = Release|Any CPU
		{CDC83C35-8E8D-9A11-8B9A-6CA0A4D62BEF}.Release|x86.ActiveCfg = Release|Any CPU
		{CDC83C35-8E8D-9A11-8B9A-6CA0A4D62BEF}.Release|x86.Build.0 = Release|Any CPU
		{869990BB-3799-86E5-AECA-6159E157F2CF}.Debug|Any CPU.ActiveCfg = Debug|Any CPU
		{869990BB-3799-86E5-AECA-6159E157F2CF}.Debug|Any CPU.Build.0 = Debug|Any CPU
		{869990BB-3799-86E5-AECA-6159E157F2CF}.Debug|x64.ActiveCfg = Debug|Any CPU
		{869990BB-3799-86E5-AECA-6159E157F2CF}.Debug|x64.Build.0 = Debug|Any CPU
		{869990BB-3799-86E5-AECA-6159E157F2CF}.Debug|x86.ActiveCfg = Debug|Any CPU
		{869990BB-3799-86E5-AECA-6159E157F2CF}.Debug|x86.Build.0 = Debug|Any CPU
		{869990BB-3799-86E5-AECA-6159E157F2CF}.Release|Any CPU.ActiveCfg = Release|Any CPU
		{869990BB-3799-86E5-AECA-6159E157F2CF}.Release|Any CPU.Build.0 = Release|Any CPU
		{869990BB-3799-86E5-AECA-6159E157F2CF}.Release|x64.ActiveCfg = Release|Any CPU
		{869990BB-3799-86E5-AECA-6159E157F2CF}.Release|x64.Build.0 = Release|Any CPU
		{869990BB-3799-86E5-AECA-6159E157F2CF}.Release|x86.ActiveCfg = Release|Any CPU
		{869990BB-3799-86E5-AECA-6159E157F2CF}.Release|x86.Build.0 = Release|Any CPU
		{E19495C8-3339-2576-740F-22C91236EBF9}.Debug|Any CPU.ActiveCfg = Debug|Any CPU
		{E19495C8-3339-2576-740F-22C91236EBF9}.Debug|Any CPU.Build.0 = Debug|Any CPU
		{E19495C8-3339-2576-740F-22C91236EBF9}.Debug|x64.ActiveCfg = Debug|Any CPU
		{E19495C8-3339-2576-740F-22C91236EBF9}.Debug|x64.Build.0 = Debug|Any CPU
		{E19495C8-3339-2576-740F-22C91236EBF9}.Debug|x86.ActiveCfg = Debug|Any CPU
		{E19495C8-3339-2576-740F-22C91236EBF9}.Debug|x86.Build.0 = Debug|Any CPU
		{E19495C8-3339-2576-740F-22C91236EBF9}.Release|Any CPU.ActiveCfg = Release|Any CPU
		{E19495C8-3339-2576-740F-22C91236EBF9}.Release|Any CPU.Build.0 = Release|Any CPU
		{E19495C8-3339-2576-740F-22C91236EBF9}.Release|x64.ActiveCfg = Release|Any CPU
		{E19495C8-3339-2576-740F-22C91236EBF9}.Release|x64.Build.0 = Release|Any CPU
		{E19495C8-3339-2576-740F-22C91236EBF9}.Release|x86.ActiveCfg = Release|Any CPU
		{E19495C8-3339-2576-740F-22C91236EBF9}.Release|x86.Build.0 = Release|Any CPU
		{30DA746B-06B5-4B25-B417-4E6B06B2C1C0}.Debug|Any CPU.ActiveCfg = Debug|Any CPU
		{30DA746B-06B5-4B25-B417-4E6B06B2C1C0}.Debug|Any CPU.Build.0 = Debug|Any CPU
		{30DA746B-06B5-4B25-B417-4E6B06B2C1C0}.Debug|x64.ActiveCfg = Debug|Any CPU
		{30DA746B-06B5-4B25-B417-4E6B06B2C1C0}.Debug|x64.Build.0 = Debug|Any CPU
		{30DA746B-06B5-4B25-B417-4E6B06B2C1C0}.Debug|x86.ActiveCfg = Debug|Any CPU
		{30DA746B-06B5-4B25-B417-4E6B06B2C1C0}.Debug|x86.Build.0 = Debug|Any CPU
		{30DA746B-06B5-4B25-B417-4E6B06B2C1C0}.Release|Any CPU.ActiveCfg = Release|Any CPU
		{30DA746B-06B5-4B25-B417-4E6B06B2C1C0}.Release|Any CPU.Build.0 = Release|Any CPU
		{30DA746B-06B5-4B25-B417-4E6B06B2C1C0}.Release|x64.ActiveCfg = Release|Any CPU
		{30DA746B-06B5-4B25-B417-4E6B06B2C1C0}.Release|x64.Build.0 = Release|Any CPU
		{30DA746B-06B5-4B25-B417-4E6B06B2C1C0}.Release|x86.ActiveCfg = Release|Any CPU
		{30DA746B-06B5-4B25-B417-4E6B06B2C1C0}.Release|x86.Build.0 = Release|Any CPU
		{7C899464-B423-454F-852C-B250D5124264}.Debug|Any CPU.ActiveCfg = Debug|Any CPU
		{7C899464-B423-454F-852C-B250D5124264}.Debug|Any CPU.Build.0 = Debug|Any CPU
		{7C899464-B423-454F-852C-B250D5124264}.Debug|x64.ActiveCfg = Debug|Any CPU
		{7C899464-B423-454F-852C-B250D5124264}.Debug|x64.Build.0 = Debug|Any CPU
		{7C899464-B423-454F-852C-B250D5124264}.Debug|x86.ActiveCfg = Debug|Any CPU
		{7C899464-B423-454F-852C-B250D5124264}.Debug|x86.Build.0 = Debug|Any CPU
		{7C899464-B423-454F-852C-B250D5124264}.Release|Any CPU.ActiveCfg = Release|Any CPU
		{7C899464-B423-454F-852C-B250D5124264}.Release|Any CPU.Build.0 = Release|Any CPU
		{7C899464-B423-454F-852C-B250D5124264}.Release|x64.ActiveCfg = Release|Any CPU
		{7C899464-B423-454F-852C-B250D5124264}.Release|x64.Build.0 = Release|Any CPU
		{7C899464-B423-454F-852C-B250D5124264}.Release|x86.ActiveCfg = Release|Any CPU
		{7C899464-B423-454F-852C-B250D5124264}.Release|x86.Build.0 = Release|Any CPU
		{8321975B-1ED2-4349-B56B-D189D4C5F5D0}.Debug|Any CPU.ActiveCfg = Debug|Any CPU
		{8321975B-1ED2-4349-B56B-D189D4C5F5D0}.Debug|Any CPU.Build.0 = Debug|Any CPU
		{8321975B-1ED2-4349-B56B-D189D4C5F5D0}.Debug|x64.ActiveCfg = Debug|Any CPU
		{8321975B-1ED2-4349-B56B-D189D4C5F5D0}.Debug|x64.Build.0 = Debug|Any CPU
		{8321975B-1ED2-4349-B56B-D189D4C5F5D0}.Debug|x86.ActiveCfg = Debug|Any CPU
		{8321975B-1ED2-4349-B56B-D189D4C5F5D0}.Debug|x86.Build.0 = Debug|Any CPU
		{8321975B-1ED2-4349-B56B-D189D4C5F5D0}.Release|Any CPU.ActiveCfg = Release|Any CPU
		{8321975B-1ED2-4349-B56B-D189D4C5F5D0}.Release|Any CPU.Build.0 = Release|Any CPU
		{8321975B-1ED2-4349-B56B-D189D4C5F5D0}.Release|x64.ActiveCfg = Release|Any CPU
		{8321975B-1ED2-4349-B56B-D189D4C5F5D0}.Release|x64.Build.0 = Release|Any CPU
		{8321975B-1ED2-4349-B56B-D189D4C5F5D0}.Release|x86.ActiveCfg = Release|Any CPU
		{8321975B-1ED2-4349-B56B-D189D4C5F5D0}.Release|x86.Build.0 = Release|Any CPU
		{BE3E9F7F-3BFB-40F4-9A61-847F33CC5356}.Debug|Any CPU.ActiveCfg = Debug|Any CPU
		{BE3E9F7F-3BFB-40F4-9A61-847F33CC5356}.Debug|Any CPU.Build.0 = Debug|Any CPU
		{BE3E9F7F-3BFB-40F4-9A61-847F33CC5356}.Debug|x64.ActiveCfg = Debug|Any CPU
		{BE3E9F7F-3BFB-40F4-9A61-847F33CC5356}.Debug|x64.Build.0 = Debug|Any CPU
		{BE3E9F7F-3BFB-40F4-9A61-847F33CC5356}.Debug|x86.ActiveCfg = Debug|Any CPU
		{BE3E9F7F-3BFB-40F4-9A61-847F33CC5356}.Debug|x86.Build.0 = Debug|Any CPU
		{BE3E9F7F-3BFB-40F4-9A61-847F33CC5356}.Release|Any CPU.ActiveCfg = Release|Any CPU
		{BE3E9F7F-3BFB-40F4-9A61-847F33CC5356}.Release|Any CPU.Build.0 = Release|Any CPU
		{BE3E9F7F-3BFB-40F4-9A61-847F33CC5356}.Release|x64.ActiveCfg = Release|Any CPU
		{BE3E9F7F-3BFB-40F4-9A61-847F33CC5356}.Release|x64.Build.0 = Release|Any CPU
		{BE3E9F7F-3BFB-40F4-9A61-847F33CC5356}.Release|x86.ActiveCfg = Release|Any CPU
		{BE3E9F7F-3BFB-40F4-9A61-847F33CC5356}.Release|x86.Build.0 = Release|Any CPU
		{36B2A70C-03DC-4C46-B318-2805C84CF38C}.Debug|Any CPU.ActiveCfg = Debug|Any CPU
		{36B2A70C-03DC-4C46-B318-2805C84CF38C}.Debug|Any CPU.Build.0 = Debug|Any CPU
		{36B2A70C-03DC-4C46-B318-2805C84CF38C}.Debug|x64.ActiveCfg = Debug|Any CPU
		{36B2A70C-03DC-4C46-B318-2805C84CF38C}.Debug|x64.Build.0 = Debug|Any CPU
		{36B2A70C-03DC-4C46-B318-2805C84CF38C}.Debug|x86.ActiveCfg = Debug|Any CPU
		{36B2A70C-03DC-4C46-B318-2805C84CF38C}.Debug|x86.Build.0 = Debug|Any CPU
		{36B2A70C-03DC-4C46-B318-2805C84CF38C}.Release|Any CPU.ActiveCfg = Release|Any CPU
		{36B2A70C-03DC-4C46-B318-2805C84CF38C}.Release|Any CPU.Build.0 = Release|Any CPU
		{36B2A70C-03DC-4C46-B318-2805C84CF38C}.Release|x64.ActiveCfg = Release|Any CPU
		{36B2A70C-03DC-4C46-B318-2805C84CF38C}.Release|x64.Build.0 = Release|Any CPU
		{36B2A70C-03DC-4C46-B318-2805C84CF38C}.Release|x86.ActiveCfg = Release|Any CPU
		{36B2A70C-03DC-4C46-B318-2805C84CF38C}.Release|x86.Build.0 = Release|Any CPU
		{1CD977C1-FC12-4BCB-B8D4-11FE8E9B75B1}.Debug|Any CPU.ActiveCfg = Debug|Any CPU
		{1CD977C1-FC12-4BCB-B8D4-11FE8E9B75B1}.Debug|Any CPU.Build.0 = Debug|Any CPU
		{1CD977C1-FC12-4BCB-B8D4-11FE8E9B75B1}.Debug|x64.ActiveCfg = Debug|Any CPU
		{1CD977C1-FC12-4BCB-B8D4-11FE8E9B75B1}.Debug|x64.Build.0 = Debug|Any CPU
		{1CD977C1-FC12-4BCB-B8D4-11FE8E9B75B1}.Debug|x86.ActiveCfg = Debug|Any CPU
		{1CD977C1-FC12-4BCB-B8D4-11FE8E9B75B1}.Debug|x86.Build.0 = Debug|Any CPU
		{1CD977C1-FC12-4BCB-B8D4-11FE8E9B75B1}.Release|Any CPU.ActiveCfg = Release|Any CPU
		{1CD977C1-FC12-4BCB-B8D4-11FE8E9B75B1}.Release|Any CPU.Build.0 = Release|Any CPU
		{1CD977C1-FC12-4BCB-B8D4-11FE8E9B75B1}.Release|x64.ActiveCfg = Release|Any CPU
		{1CD977C1-FC12-4BCB-B8D4-11FE8E9B75B1}.Release|x64.Build.0 = Release|Any CPU
		{1CD977C1-FC12-4BCB-B8D4-11FE8E9B75B1}.Release|x86.ActiveCfg = Release|Any CPU
		{1CD977C1-FC12-4BCB-B8D4-11FE8E9B75B1}.Release|x86.Build.0 = Release|Any CPU
		{EDAEECC7-3BEF-41CF-AD17-A55997BCC8CD}.Debug|Any CPU.ActiveCfg = Debug|Any CPU
		{EDAEECC7-3BEF-41CF-AD17-A55997BCC8CD}.Debug|Any CPU.Build.0 = Debug|Any CPU
		{EDAEECC7-3BEF-41CF-AD17-A55997BCC8CD}.Debug|x64.ActiveCfg = Debug|Any CPU
		{EDAEECC7-3BEF-41CF-AD17-A55997BCC8CD}.Debug|x64.Build.0 = Debug|Any CPU
		{EDAEECC7-3BEF-41CF-AD17-A55997BCC8CD}.Debug|x86.ActiveCfg = Debug|Any CPU
		{EDAEECC7-3BEF-41CF-AD17-A55997BCC8CD}.Debug|x86.Build.0 = Debug|Any CPU
		{EDAEECC7-3BEF-41CF-AD17-A55997BCC8CD}.Release|Any CPU.ActiveCfg = Release|Any CPU
		{EDAEECC7-3BEF-41CF-AD17-A55997BCC8CD}.Release|Any CPU.Build.0 = Release|Any CPU
		{EDAEECC7-3BEF-41CF-AD17-A55997BCC8CD}.Release|x64.ActiveCfg = Release|Any CPU
		{EDAEECC7-3BEF-41CF-AD17-A55997BCC8CD}.Release|x64.Build.0 = Release|Any CPU
		{EDAEECC7-3BEF-41CF-AD17-A55997BCC8CD}.Release|x86.ActiveCfg = Release|Any CPU
		{EDAEECC7-3BEF-41CF-AD17-A55997BCC8CD}.Release|x86.Build.0 = Release|Any CPU
	EndGlobalSection
	GlobalSection(SolutionProperties) = preSolution
		HideSolutionNode = FALSE
	EndGlobalSection
	GlobalSection(NestedProjects) = preSolution
		{9D7ECCB9-880F-4A2D-9155-93102B36B268} = {02EA681E-C7D8-13C7-8484-4AC65E1B71E8}
		{C992CC30-CA1D-4F89-95DF-FA73F09742A4} = {02EA681E-C7D8-13C7-8484-4AC65E1B71E8}
		{A9BDCF23-7BA4-4FE9-89ED-8822729DFD01} = {02EA681E-C7D8-13C7-8484-4AC65E1B71E8}
		{D4C05EAF-1AA4-4D3E-A685-7488221F0EA8} = {02EA681E-C7D8-13C7-8484-4AC65E1B71E8}
		{E4294284-403A-410E-82DC-0C55EEDBC5AA} = {9D7ECCB9-880F-4A2D-9155-93102B36B268}
		{809C85A1-442E-4E86-B7A6-BAA7C0A6EA1D} = {9D7ECCB9-880F-4A2D-9155-93102B36B268}
		{F10E36FA-34CD-46FF-AF3F-3AD26CBA8C99} = {9D7ECCB9-880F-4A2D-9155-93102B36B268}
		{A32FA584-CD63-4C03-BC0B-E9502502C8B0} = {C992CC30-CA1D-4F89-95DF-FA73F09742A4}
		{0949B3FB-F14B-42C9-9512-44BC339DE499} = {C992CC30-CA1D-4F89-95DF-FA73F09742A4}
		{6D8173BA-3478-718B-5854-2D49254D8EEA} = {D4C05EAF-1AA4-4D3E-A685-7488221F0EA8}
		{CDC83C35-8E8D-9A11-8B9A-6CA0A4D62BEF} = {C992CC30-CA1D-4F89-95DF-FA73F09742A4}
		{869990BB-3799-86E5-AECA-6159E157F2CF} = {C992CC30-CA1D-4F89-95DF-FA73F09742A4}
		{E19495C8-3339-2576-740F-22C91236EBF9} = {A9BDCF23-7BA4-4FE9-89ED-8822729DFD01}
		{30DA746B-06B5-4B25-B417-4E6B06B2C1C0} = {A9BDCF23-7BA4-4FE9-89ED-8822729DFD01}
		{7C899464-B423-454F-852C-B250D5124264} = {A9BDCF23-7BA4-4FE9-89ED-8822729DFD01}
		{8321975B-1ED2-4349-B56B-D189D4C5F5D0} = {A9BDCF23-7BA4-4FE9-89ED-8822729DFD01}
		{BE3E9F7F-3BFB-40F4-9A61-847F33CC5356} = {A9BDCF23-7BA4-4FE9-89ED-8822729DFD01}
		{36B2A70C-03DC-4C46-B318-2805C84CF38C} = {A9BDCF23-7BA4-4FE9-89ED-8822729DFD01}
		{1CD977C1-FC12-4BCB-B8D4-11FE8E9B75B1} = {0AB3BF05-4346-4AA6-1389-037BE0695223}
		{EDAEECC7-3BEF-41CF-AD17-A55997BCC8CD} = {0AB3BF05-4346-4AA6-1389-037BE0695223}
	EndGlobalSection
	GlobalSection(ExtensibilityGlobals) = postSolution
		SolutionGuid = {3D45E6C2-4713-44E6-AB2F-E8815EB6EDA4}
	EndGlobalSection
EndGlobal
